
Microsoft Visual Studio Solution File, Format Version 12.00
# Visual Studio Version 17
VisualStudioVersion = 17.4.33110.190
MinimumVisualStudioVersion = 10.0.40219.1
Project("{FAE04EC0-301F-11D3-BF4B-00C04F79EFBC}") = "juegoPoo", "juegoPoo\juegoPoo.csproj", "{6E48B118-7496-49EE-A4AB-AD5B2765138E}"
EndProject
Global
	GlobalSection(SolutionConfigurationPlatforms) = preSolution
		Debug|Any CPU = Debug|Any CPU
		Release|Any CPU = Release|Any CPU
	EndGlobalSection
	GlobalSection(ProjectConfigurationPlatforms) = postSolution
		{6E48B118-7496-49EE-A4AB-AD5B2765138E}.Debug|Any CPU.ActiveCfg = Debug|Any CPU
		{6E48B118-7496-49EE-A4AB-AD5B2765138E}.Debug|Any CPU.Build.0 = Debug|Any CPU
		{6E48B118-7496-49EE-A4AB-AD5B2765138E}.Release|Any CPU.ActiveCfg = Release|Any CPU
		{6E48B118-7496-49EE-A4AB-AD5B2765138E}.Release|Any CPU.Build.0 = Release|Any CPU
	EndGlobalSection
	GlobalSection(SolutionProperties) = preSolution
		HideSolutionNode = FALSE
	EndGlobalSection
	GlobalSection(ExtensibilityGlobals) = postSolution
		SolutionGuid = {5B397234-1DFC-4C9D-96D4-D14FB9CD34F2}
	EndGlobalSection
EndGlobal
